Microsoft Visual Studio Solution File, Format Version 12.00
Project("{FAE04EC0-301F-11D3-BF4B-00C04F79EFBC}") = "Les Aventures de Glooby", "Les Aventures de Glooby.csproj", "{2E66D1D9-3E40-4BB9-BE79-C4F45A972EEC}"
EndProject
Global
	GlobalSection(SolutionConfigurationPlatforms) = preSolution
		Debug|Any CPU = Debug|Any CPU
		ExportDebug|Any CPU = ExportDebug|Any CPU
		ExportRelease|Any CPU = ExportRelease|Any CPU
	EndGlobalSection
	GlobalSection(ProjectConfigurationPlatforms) = postSolution
		{2E66D1D9-3E40-4BB9-BE79-C4F45A972EEC}.Debug|Any CPU.ActiveCfg = Debug|Any CPU
		{2E66D1D9-3E40-4BB9-BE79-C4F45A972EEC}.Debug|Any CPU.Build.0 = Debug|Any CPU
		{2E66D1D9-3E40-4BB9-BE79-C4F45A972EEC}.ExportDebug|Any CPU.ActiveCfg = ExportDebug|Any CPU
		{2E66D1D9-3E40-4BB9-BE79-C4F45A972EEC}.ExportDebug|Any CPU.Build.0 = ExportDebug|Any CPU
		{2E66D1D9-3E40-4BB9-BE79-C4F45A972EEC}.ExportRelease|Any CPU.ActiveCfg = ExportRelease|Any CPU
		{2E66D1D9-3E40-4BB9-BE79-C4F45A972EEC}.ExportRelease|Any CPU.Build.0 = ExportRelease|Any CPU
	EndGlobalSection
EndGlobal
